
Microsoft Visual Studio Solution File, Format Version 12.00
# Visual Studio Version 17
VisualStudioVersion = 17.0.31919.166
MinimumVisualStudioVersion = 10.0.40219.1
Project("{9A19103F-16F7-4668-BE54-9A1E7A4F7556}") = "Smartersoft.Identity.Client.Assertion", "src\Smartersoft.Identity.Client.Assertion\Smartersoft.Identity.Client.Assertion.csproj", "{2AD955AA-91C5-484E-89FC-25C68A083FD1}"
EndProject
Project("{2150E333-8FDC-42A3-9474-1A3956D46DE8}") = "Deploy", "Deploy", "{1CA888C2-89BC-4DA4-A9FB-885673089C2A}"
	ProjectSection(SolutionItems) = preProject
		.pipeline.yml = .pipeline.yml
		Gitversion.yml = Gitversion.yml
	EndProjectSection
EndProject
Global
	GlobalSection(SolutionConfigurationPlatforms) = preSolution
		Debug|Any CPU = Debug|Any CPU
		Release|Any CPU = Release|Any CPU
	EndGlobalSection
	GlobalSection(ProjectConfigurationPlatforms) = postSolution
		{2AD955AA-91C5-484E-89FC-25C68A083FD1}.Debug|Any CPU.ActiveCfg = Debug|Any CPU
		{2AD955AA-91C5-484E-89FC-25C68A083FD1}.Debug|Any CPU.Build.0 = Debug|Any CPU
		{2AD955AA-91C5-484E-89FC-25C68A083FD1}.Release|Any CPU.ActiveCfg = Release|Any CPU
		{2AD955AA-91C5-484E-89FC-25C68A083FD1}.Release|Any CPU.Build.0 = Release|Any CPU
	EndGlobalSection
	GlobalSection(SolutionProperties) = preSolution
		HideSolutionNode = FALSE
	EndGlobalSection
	GlobalSection(ExtensibilityGlobals) = postSolution
		SolutionGuid = {C5EFA826-7A96-4B4D-8C89-09389B7D77D5}
	EndGlobalSection
EndGlobal
